// !$*UTF8*$!
{
	archiveVersion = 1;
	classes = {
	};
	objectVersion = 55;
	objects = {

/* Begin PBXBuildFile section */
		EDAD72EB2756447B00FE70F4 /* main.swift in Sources */ = {isa = PBXBuildFile; fileRef = EDAD72EA2756447B00FE70F4 /* main.swift */; };
		EDAD73272756494400FE70F4 /* Advent.framework in Frameworks */ = {isa = PBXBuildFile; fileRef = EDAD731F2756494400FE70F4 /* Advent.framework */; };
		EDAD73342756495700FE70F4 /* Puzzle.swift in Sources */ = {isa = PBXBuildFile; fileRef = EDAD72FC2756455A00FE70F4 /* Puzzle.swift */; };
		EDAD73352756495900FE70F4 /* 01.swift in Sources */ = {isa = PBXBuildFile; fileRef = EDAD73012756463100FE70F4 /* 01.swift */; };
		EDAD73362756495B00FE70F4 /* Tests.swift in Sources */ = {isa = PBXBuildFile; fileRef = EDAD72F72756451400FE70F4 /* Tests.swift */; };
		EDAD73372756495C00FE70F4 /* Puzzle.swift in Sources */ = {isa = PBXBuildFile; fileRef = EDAD72FE275645B700FE70F4 /* Puzzle.swift */; };
		EDAD73382756495E00FE70F4 /* 01.swift in Sources */ = {isa = PBXBuildFile; fileRef = EDAD73042756467800FE70F4 /* 01.swift */; };
		EDAD733B2756498A00FE70F4 /* Advent.framework in Frameworks */ = {isa = PBXBuildFile; fileRef = EDAD731F2756494400FE70F4 /* Advent.framework */; };
		EDAD733C2756498A00FE70F4 /* Advent.framework in Embed Frameworks */ = {isa = PBXBuildFile; fileRef = EDAD731F2756494400FE70F4 /* Advent.framework */; settings = {ATTRIBUTES = (CodeSignOnCopy, RemoveHeadersOnCopy, ); }; };
		EDAD73402756561A00FE70F4 /* 02.swift in Sources */ = {isa = PBXBuildFile; fileRef = EDAD733F2756561A00FE70F4 /* 02.swift */; };
		EDAD73422756562600FE70F4 /* 03.swift in Sources */ = {isa = PBXBuildFile; fileRef = EDAD73412756562600FE70F4 /* 03.swift */; };
		EDAD73442756566200FE70F4 /* 04.swift in Sources */ = {isa = PBXBuildFile; fileRef = EDAD73432756566200FE70F4 /* 04.swift */; };
		EDAD73462756566800FE70F4 /* 05.swift in Sources */ = {isa = PBXBuildFile; fileRef = EDAD73452756566800FE70F4 /* 05.swift */; };
		EDAD73482756566F00FE70F4 /* 06.swift in Sources */ = {isa = PBXBuildFile; fileRef = EDAD73472756566F00FE70F4 /* 06.swift */; };
		EDAD734A2756567700FE70F4 /* 07.swift in Sources */ = {isa = PBXBuildFile; fileRef = EDAD73492756567700FE70F4 /* 07.swift */; };
		EDAD734C2756567E00FE70F4 /* 08.swift in Sources */ = {isa = PBXBuildFile; fileRef = EDAD734B2756567E00FE70F4 /* 08.swift */; };
		EDAD734E2756568700FE70F4 /* 09.swift in Sources */ = {isa = PBXBuildFile; fileRef = EDAD734D2756568700FE70F4 /* 09.swift */; };
		EDAD73502756568E00FE70F4 /* 10.swift in Sources */ = {isa = PBXBuildFile; fileRef = EDAD734F2756568E00FE70F4 /* 10.swift */; };
		EDAD73522756569700FE70F4 /* 11.swift in Sources */ = {isa = PBXBuildFile; fileRef = EDAD73512756569700FE70F4 /* 11.swift */; };
		EDAD73542756569D00FE70F4 /* 12.swift in Sources */ = {isa = PBXBuildFile; fileRef = EDAD73532756569D00FE70F4 /* 12.swift */; };
		EDAD7356275656A300FE70F4 /* 13.swift in Sources */ = {isa = PBXBuildFile; fileRef = EDAD7355275656A300FE70F4 /* 13.swift */; };
		EDAD7358275656A900FE70F4 /* 14.swift in Sources */ = {isa = PBXBuildFile; fileRef = EDAD7357275656A900FE70F4 /* 14.swift */; };
		EDAD735A275656B100FE70F4 /* 15.swift in Sources */ = {isa = PBXBuildFile; fileRef = EDAD7359275656B100FE70F4 /* 15.swift */; };
		EDAD735C275656B800FE70F4 /* 16.swift in Sources */ = {isa = PBXBuildFile; fileRef = EDAD735B275656B800FE70F4 /* 16.swift */; };
		EDAD735E275656BF00FE70F4 /* 17.swift in Sources */ = {isa = PBXBuildFile; fileRef = EDAD735D275656BF00FE70F4 /* 17.swift */; };
		EDAD7360275656D200FE70F4 /* 18.swift in Sources */ = {isa = PBXBuildFile; fileRef = EDAD735F275656D200FE70F4 /* 18.swift */; };
		EDAD7362275656D900FE70F4 /* 19.swift in Sources */ = {isa = PBXBuildFile; fileRef = EDAD7361275656D900FE70F4 /* 19.swift */; };
		EDAD7364275656E100FE70F4 /* 20.swift in Sources */ = {isa = PBXBuildFile; fileRef = EDAD7363275656E100FE70F4 /* 20.swift */; };
		EDAD7366275656EA00FE70F4 /* 21.swift in Sources */ = {isa = PBXBuildFile; fileRef = EDAD7365275656EA00FE70F4 /* 21.swift */; };
		EDAD7368275656F300FE70F4 /* 22.swift in Sources */ = {isa = PBXBuildFile; fileRef = EDAD7367275656F300FE70F4 /* 22.swift */; };
		EDAD736A275656FA00FE70F4 /* 23.swift in Sources */ = {isa = PBXBuildFile; fileRef = EDAD7369275656FA00FE70F4 /* 23.swift */; };
		EDAD736C2756570100FE70F4 /* 24.swift in Sources */ = {isa = PBXBuildFile; fileRef = EDAD736B2756570100FE70F4 /* 24.swift */; };
		EDAD736E2756570800FE70F4 /* 25.swift in Sources */ = {isa = PBXBuildFile; fileRef = EDAD736D2756570800FE70F4 /* 25.swift */; };
		EDAD7371275657BB00FE70F4 /* Algorithms in Frameworks */ = {isa = PBXBuildFile; productRef = EDAD7370275657BB00FE70F4 /* Algorithms */; };
		EDAD73732756585800FE70F4 /* 02.swift in Sources */ = {isa = PBXBuildFile; fileRef = EDAD73722756585800FE70F4 /* 02.swift */; };
		EDAD73752756586300FE70F4 /* 03.swift in Sources */ = {isa = PBXBuildFile; fileRef = EDAD73742756586300FE70F4 /* 03.swift */; };
		EDAD73772756586A00FE70F4 /* 04.swift in Sources */ = {isa = PBXBuildFile; fileRef = EDAD73762756586A00FE70F4 /* 04.swift */; };
		EDAD73792756587400FE70F4 /* 05.swift in Sources */ = {isa = PBXBuildFile; fileRef = EDAD73782756587400FE70F4 /* 05.swift */; };
		EDAD737B2756587B00FE70F4 /* 06.swift in Sources */ = {isa = PBXBuildFile; fileRef = EDAD737A2756587B00FE70F4 /* 06.swift */; };
		EDAD737D2756588600FE70F4 /* 07.swift in Sources */ = {isa = PBXBuildFile; fileRef = EDAD737C2756588600FE70F4 /* 07.swift */; };
		EDAD737F2756589300FE70F4 /* 08.swift in Sources */ = {isa = PBXBuildFile; fileRef = EDAD737E2756589300FE70F4 /* 08.swift */; };
		EDAD73812756589C00FE70F4 /* 09.swift in Sources */ = {isa = PBXBuildFile; fileRef = EDAD73802756589C00FE70F4 /* 09.swift */; };
		EDAD7383275658A800FE70F4 /* 10.swift in Sources */ = {isa = PBXBuildFile; fileRef = EDAD7382275658A800FE70F4 /* 10.swift */; };
		EDAD7385275658AF00FE70F4 /* 11.swift in Sources */ = {isa = PBXBuildFile; fileRef = EDAD7384275658AF00FE70F4 /* 11.swift */; };
		EDAD7387275658B500FE70F4 /* 12.swift in Sources */ = {isa = PBXBuildFile; fileRef = EDAD7386275658B500FE70F4 /* 12.swift */; };
		EDAD7389275658BB00FE70F4 /* 13.swift in Sources */ = {isa = PBXBuildFile; fileRef = EDAD7388275658BB00FE70F4 /* 13.swift */; };
		EDAD738B275658C100FE70F4 /* 14.swift in Sources */ = {isa = PBXBuildFile; fileRef = EDAD738A275658C100FE70F4 /* 14.swift */; };
		EDAD738D275658C800FE70F4 /* 15.swift in Sources */ = {isa = PBXBuildFile; fileRef = EDAD738C275658C800FE70F4 /* 15.swift */; };
		EDAD738F275658CF00FE70F4 /* 16.swift in Sources */ = {isa = PBXBuildFile; fileRef = EDAD738E275658CE00FE70F4 /* 16.swift */; };
		EDAD7391275658D400FE70F4 /* 17.swift in Sources */ = {isa = PBXBuildFile; fileRef = EDAD7390275658D400FE70F4 /* 17.swift */; };
		EDAD7393275658DB00FE70F4 /* 18.swift in Sources */ = {isa = PBXBuildFile; fileRef = EDAD7392275658DB00FE70F4 /* 18.swift */; };
		EDAD7395275658E200FE70F4 /* 19.swift in Sources */ = {isa = PBXBuildFile; fileRef = EDAD7394275658E200FE70F4 /* 19.swift */; };
		EDAD73972756592900FE70F4 /* 20.swift in Sources */ = {isa = PBXBuildFile; fileRef = EDAD73962756592900FE70F4 /* 20.swift */; };
		EDAD73992756592F00FE70F4 /* 21.swift in Sources */ = {isa = PBXBuildFile; fileRef = EDAD73982756592F00FE70F4 /* 21.swift */; };
		EDAD739B2756593500FE70F4 /* 22.swift in Sources */ = {isa = PBXBuildFile; fileRef = EDAD739A2756593500FE70F4 /* 22.swift */; };
		EDAD739D2756593A00FE70F4 /* 23.swift in Sources */ = {isa = PBXBuildFile; fileRef = EDAD739C2756593A00FE70F4 /* 23.swift */; };
		EDAD739F2756594300FE70F4 /* 24.swift in Sources */ = {isa = PBXBuildFile; fileRef = EDAD739E2756594300FE70F4 /* 24.swift */; };
		EDAD73A12756598700FE70F4 /* 25.swift in Sources */ = {isa = PBXBuildFile; fileRef = EDAD73A02756598700FE70F4 /* 25.swift */; };
/* End PBXBuildFile section */

/* Begin PBXContainerItemProxy section */
		EDAD73282756494400FE70F4 /* PBXContainerItemProxy */ = {
			isa = PBXContainerItemProxy;
			containerPortal = EDAD72DF2756447B00FE70F4 /* Project object */;
			proxyType = 1;
			remoteGlobalIDString = EDAD731E2756494400FE70F4;
			remoteInfo = Advent;
		};
		EDAD733D2756498A00FE70F4 /* PBXContainerItemProxy */ = {
			isa = PBXContainerItemProxy;
			containerPortal = EDAD72DF2756447B00FE70F4 /* Project object */;
			proxyType = 1;
			remoteGlobalIDString = EDAD731E2756494400FE70F4;
			remoteInfo = Advent;
		};
/* End PBXContainerItemProxy section */

/* Begin PBXCopyFilesBuildPhase section */
		EDAD72E52756447B00FE70F4 /* CopyFiles */ = {
			isa = PBXCopyFilesBuildPhase;
			buildActionMask = 2147483647;
			dstPath = /usr/share/man/man1/;
			dstSubfolderSpec = 0;
			files = (
			);
			runOnlyForDeploymentPostprocessing = 1;
		};
		EDAD73192756490B00FE70F4 /* Embed Frameworks */ = {
			isa = PBXCopyFilesBuildPhase;
			buildActionMask = 2147483647;
			dstPath = "";
			dstSubfolderSpec = 10;
			files = (
				EDAD733C2756498A00FE70F4 /* Advent.framework in Embed Frameworks */,
			);
			name = "Embed Frameworks";
			runOnlyForDeploymentPostprocessing = 0;
		};
/* End PBXCopyFilesBuildPhase section */

/* Begin PBXFileReference section */
		EDAD72E72756447B00FE70F4 /* CLI */ = {isa = PBXFileReference; explicitFileType = "compiled.mach-o.executable"; includeInIndex = 0; path = CLI; sourceTree = BUILT_PRODUCTS_DIR; };
		EDAD72EA2756447B00FE70F4 /* main.swift */ = {isa = PBXFileReference; lastKnownFileType = sourcecode.swift; path = main.swift; sourceTree = "<group>"; };
		EDAD72F72756451400FE70F4 /* Tests.swift */ = {isa = PBXFileReference; lastKnownFileType = sourcecode.swift; path = Tests.swift; sourceTree = "<group>"; };
		EDAD72FC2756455A00FE70F4 /* Puzzle.swift */ = {isa = PBXFileReference; lastKnownFileType = sourcecode.swift; path = Puzzle.swift; sourceTree = "<group>"; };
		EDAD72FE275645B700FE70F4 /* Puzzle.swift */ = {isa = PBXFileReference; lastKnownFileType = sourcecode.swift; path = Puzzle.swift; sourceTree = "<group>"; };
		EDAD73012756463100FE70F4 /* 01.swift */ = {isa = PBXFileReference; lastKnownFileType = sourcecode.swift; path = 01.swift; sourceTree = "<group>"; };
		EDAD73042756467800FE70F4 /* 01.swift */ = {isa = PBXFileReference; lastKnownFileType = sourcecode.swift; path = 01.swift; sourceTree = "<group>"; };
		EDAD731F2756494400FE70F4 /* Advent.framework */ = {isa = PBXFileReference; explicitFileType = wrapper.framework; includeInIndex = 0; path = Advent.framework; sourceTree = BUILT_PRODUCTS_DIR; };
		EDAD73262756494400FE70F4 /* Tests.xctest */ = {isa = PBXFileReference; explicitFileType = wrapper.cfbundle; includeInIndex = 0; path = Tests.xctest; sourceTree = BUILT_PRODUCTS_DIR; };
		EDAD733F2756561A00FE70F4 /* 02.swift */ = {isa = PBXFileReference; lastKnownFileType = sourcecode.swift; path = 02.swift; sourceTree = "<group>"; };
		EDAD73412756562600FE70F4 /* 03.swift */ = {isa = PBXFileReference; lastKnownFileType = sourcecode.swift; path = 03.swift; sourceTree = "<group>"; };
		EDAD73432756566200FE70F4 /* 04.swift */ = {isa = PBXFileReference; lastKnownFileType = sourcecode.swift; path = 04.swift; sourceTree = "<group>"; };
		EDAD73452756566800FE70F4 /* 05.swift */ = {isa = PBXFileReference; lastKnownFileType = sourcecode.swift; path = 05.swift; sourceTree = "<group>"; };
		EDAD73472756566F00FE70F4 /* 06.swift */ = {isa = PBXFileReference; lastKnownFileType = sourcecode.swift; path = 06.swift; sourceTree = "<group>"; };
		EDAD73492756567700FE70F4 /* 07.swift */ = {isa = PBXFileReference; lastKnownFileType = sourcecode.swift; path = 07.swift; sourceTree = "<group>"; };
		EDAD734B2756567E00FE70F4 /* 08.swift */ = {isa = PBXFileReference; lastKnownFileType = sourcecode.swift; path = 08.swift; sourceTree = "<group>"; };
		EDAD734D2756568700FE70F4 /* 09.swift */ = {isa = PBXFileReference; lastKnownFileType = sourcecode.swift; path = 09.swift; sourceTree = "<group>"; };
		EDAD734F2756568E00FE70F4 /* 10.swift */ = {isa = PBXFileReference; lastKnownFileType = sourcecode.swift; path = 10.swift; sourceTree = "<group>"; };
		EDAD73512756569700FE70F4 /* 11.swift */ = {isa = PBXFileReference; lastKnownFileType = sourcecode.swift; path = 11.swift; sourceTree = "<group>"; };
		EDAD73532756569D00FE70F4 /* 12.swift */ = {isa = PBXFileReference; lastKnownFileType = sourcecode.swift; path = 12.swift; sourceTree = "<group>"; };
		EDAD7355275656A300FE70F4 /* 13.swift */ = {isa = PBXFileReference; lastKnownFileType = sourcecode.swift; path = 13.swift; sourceTree = "<group>"; };
		EDAD7357275656A900FE70F4 /* 14.swift */ = {isa = PBXFileReference; lastKnownFileType = sourcecode.swift; path = 14.swift; sourceTree = "<group>"; };
		EDAD7359275656B100FE70F4 /* 15.swift */ = {isa = PBXFileReference; lastKnownFileType = sourcecode.swift; path = 15.swift; sourceTree = "<group>"; };
		EDAD735B275656B800FE70F4 /* 16.swift */ = {isa = PBXFileReference; lastKnownFileType = sourcecode.swift; path = 16.swift; sourceTree = "<group>"; };
		EDAD735D275656BF00FE70F4 /* 17.swift */ = {isa = PBXFileReference; lastKnownFileType = sourcecode.swift; path = 17.swift; sourceTree = "<group>"; };
		EDAD735F275656D200FE70F4 /* 18.swift */ = {isa = PBXFileReference; lastKnownFileType = sourcecode.swift; path = 18.swift; sourceTree = "<group>"; };
		EDAD7361275656D900FE70F4 /* 19.swift */ = {isa = PBXFileReference; lastKnownFileType = sourcecode.swift; path = 19.swift; sourceTree = "<group>"; };
		EDAD7363275656E100FE70F4 /* 20.swift */ = {isa = PBXFileReference; lastKnownFileType = sourcecode.swift; path = 20.swift; sourceTree = "<group>"; };
		EDAD7365275656EA00FE70F4 /* 21.swift */ = {isa = PBXFileReference; lastKnownFileType = sourcecode.swift; path = 21.swift; sourceTree = "<group>"; };
		EDAD7367275656F300FE70F4 /* 22.swift */ = {isa = PBXFileReference; lastKnownFileType = sourcecode.swift; path = 22.swift; sourceTree = "<group>"; };
		EDAD7369275656FA00FE70F4 /* 23.swift */ = {isa = PBXFileReference; lastKnownFileType = sourcecode.swift; path = 23.swift; sourceTree = "<group>"; };
		EDAD736B2756570100FE70F4 /* 24.swift */ = {isa = PBXFileReference; lastKnownFileType = sourcecode.swift; path = 24.swift; sourceTree = "<group>"; };
		EDAD736D2756570800FE70F4 /* 25.swift */ = {isa = PBXFileReference; lastKnownFileType = sourcecode.swift; path = 25.swift; sourceTree = "<group>"; };
		EDAD73722756585800FE70F4 /* 02.swift */ = {isa = PBXFileReference; lastKnownFileType = sourcecode.swift; path = 02.swift; sourceTree = "<group>"; };
		EDAD73742756586300FE70F4 /* 03.swift */ = {isa = PBXFileReference; lastKnownFileType = sourcecode.swift; path = 03.swift; sourceTree = "<group>"; };
		EDAD73762756586A00FE70F4 /* 04.swift */ = {isa = PBXFileReference; lastKnownFileType = sourcecode.swift; path = 04.swift; sourceTree = "<group>"; };
		EDAD73782756587400FE70F4 /* 05.swift */ = {isa = PBXFileReference; lastKnownFileType = sourcecode.swift; path = 05.swift; sourceTree = "<group>"; };
		EDAD737A2756587B00FE70F4 /* 06.swift */ = {isa = PBXFileReference; lastKnownFileType = sourcecode.swift; path = 06.swift; sourceTree = "<group>"; };
		EDAD737C2756588600FE70F4 /* 07.swift */ = {isa = PBXFileReference; lastKnownFileType = sourcecode.swift; path = 07.swift; sourceTree = "<group>"; };
		EDAD737E2756589300FE70F4 /* 08.swift */ = {isa = PBXFileReference; lastKnownFileType = sourcecode.swift; path = 08.swift; sourceTree = "<group>"; };
		EDAD73802756589C00FE70F4 /* 09.swift */ = {isa = PBXFileReference; lastKnownFileType = sourcecode.swift; path = 09.swift; sourceTree = "<group>"; };
		EDAD7382275658A800FE70F4 /* 10.swift */ = {isa = PBXFileReference; lastKnownFileType = sourcecode.swift; path = 10.swift; sourceTree = "<group>"; };
		EDAD7384275658AF00FE70F4 /* 11.swift */ = {isa = PBXFileReference; lastKnownFileType = sourcecode.swift; path = 11.swift; sourceTree = "<group>"; };
		EDAD7386275658B500FE70F4 /* 12.swift */ = {isa = PBXFileReference; lastKnownFileType = sourcecode.swift; path = 12.swift; sourceTree = "<group>"; };
		EDAD7388275658BB00FE70F4 /* 13.swift */ = {isa = PBXFileReference; lastKnownFileType = sourcecode.swift; path = 13.swift; sourceTree = "<group>"; };
		EDAD738A275658C100FE70F4 /* 14.swift */ = {isa = PBXFileReference; lastKnownFileType = sourcecode.swift; path = 14.swift; sourceTree = "<group>"; };
		EDAD738C275658C800FE70F4 /* 15.swift */ = {isa = PBXFileReference; lastKnownFileType = sourcecode.swift; path = 15.swift; sourceTree = "<group>"; };
		EDAD738E275658CE00FE70F4 /* 16.swift */ = {isa = PBXFileReference; lastKnownFileType = sourcecode.swift; path = 16.swift; sourceTree = "<group>"; };
		EDAD7390275658D400FE70F4 /* 17.swift */ = {isa = PBXFileReference; lastKnownFileType = sourcecode.swift; path = 17.swift; sourceTree = "<group>"; };
		EDAD7392275658DB00FE70F4 /* 18.swift */ = {isa = PBXFileReference; lastKnownFileType = sourcecode.swift; path = 18.swift; sourceTree = "<group>"; };
		EDAD7394275658E200FE70F4 /* 19.swift */ = {isa = PBXFileReference; lastKnownFileType = sourcecode.swift; path = 19.swift; sourceTree = "<group>"; };
		EDAD73962756592900FE70F4 /* 20.swift */ = {isa = PBXFileReference; lastKnownFileType = sourcecode.swift; path = 20.swift; sourceTree = "<group>"; };
		EDAD73982756592F00FE70F4 /* 21.swift */ = {isa = PBXFileReference; lastKnownFileType = sourcecode.swift; path = 21.swift; sourceTree = "<group>"; };
		EDAD739A2756593500FE70F4 /* 22.swift */ = {isa = PBXFileReference; lastKnownFileType = sourcecode.swift; path = 22.swift; sourceTree = "<group>"; };
		EDAD739C2756593A00FE70F4 /* 23.swift */ = {isa = PBXFileReference; lastKnownFileType = sourcecode.swift; path = 23.swift; sourceTree = "<group>"; };
		EDAD739E2756594300FE70F4 /* 24.swift */ = {isa = PBXFileReference; lastKnownFileType = sourcecode.swift; path = 24.swift; sourceTree = "<group>"; };
		EDAD73A02756598700FE70F4 /* 25.swift */ = {isa = PBXFileReference; lastKnownFileType = sourcecode.swift; path = 25.swift; sourceTree = "<group>"; };
/* End PBXFileReference section */

/* Begin PBXFrameworksBuildPhase section */
		EDAD72E42756447B00FE70F4 /* Frameworks */ = {
			isa = PBXFrameworksBuildPhase;
			buildActionMask = 2147483647;
			files = (
				EDAD733B2756498A00FE70F4 /* Advent.framework in Frameworks */,
			);
			runOnlyForDeploymentPostprocessing = 0;
		};
		EDAD731C2756494400FE70F4 /* Frameworks */ = {
			isa = PBXFrameworksBuildPhase;
			buildActionMask = 2147483647;
			files = (
				EDAD7371275657BB00FE70F4 /* Algorithms in Frameworks */,
			);
			runOnlyForDeploymentPostprocessing = 0;
		};
		EDAD73232756494400FE70F4 /* Frameworks */ = {
			isa = PBXFrameworksBuildPhase;
			buildActionMask = 2147483647;
			files = (
				EDAD73272756494400FE70F4 /* Advent.framework in Frameworks */,
			);
			runOnlyForDeploymentPostprocessing = 0;
		};
/* End PBXFrameworksBuildPhase section */

/* Begin PBXGroup section */
		EDAD72DE2756447B00FE70F4 = {
			isa = PBXGroup;
			children = (
				EDAD72EA2756447B00FE70F4 /* main.swift */,
				EDAD72E92756447B00FE70F4 /* Advent */,
				EDAD72F62756451400FE70F4 /* Tests */,
				EDAD72E82756447B00FE70F4 /* Products */,
				EDAD73142756490B00FE70F4 /* Frameworks */,
			);
			sourceTree = "<group>";
		};
		EDAD72E82756447B00FE70F4 /* Products */ = {
			isa = PBXGroup;
			children = (
				EDAD72E72756447B00FE70F4 /* CLI */,
				EDAD731F2756494400FE70F4 /* Advent.framework */,
				EDAD73262756494400FE70F4 /* Tests.xctest */,
			);
			name = Products;
			sourceTree = "<group>";
		};
		EDAD72E92756447B00FE70F4 /* Advent */ = {
			isa = PBXGroup;
			children = (
				EDAD72FC2756455A00FE70F4 /* Puzzle.swift */,
				EDAD73002756462900FE70F4 /* Days */,
			);
			path = Advent;
			sourceTree = "<group>";
		};
		EDAD72F62756451400FE70F4 /* Tests */ = {
			isa = PBXGroup;
			children = (
				EDAD72F72756451400FE70F4 /* Tests.swift */,
				EDAD72FE275645B700FE70F4 /* Puzzle.swift */,
				EDAD73032756467000FE70F4 /* Days */,
			);
			path = Tests;
			sourceTree = "<group>";
		};
		EDAD73002756462900FE70F4 /* Days */ = {
			isa = PBXGroup;
			children = (
				EDAD73012756463100FE70F4 /* 01.swift */,
				EDAD733F2756561A00FE70F4 /* 02.swift */,
				EDAD73412756562600FE70F4 /* 03.swift */,
				EDAD73432756566200FE70F4 /* 04.swift */,
				EDAD73452756566800FE70F4 /* 05.swift */,
				EDAD73472756566F00FE70F4 /* 06.swift */,
				EDAD73492756567700FE70F4 /* 07.swift */,
				EDAD734B2756567E00FE70F4 /* 08.swift */,
				EDAD734D2756568700FE70F4 /* 09.swift */,
				EDAD734F2756568E00FE70F4 /* 10.swift */,
				EDAD73512756569700FE70F4 /* 11.swift */,
				EDAD73532756569D00FE70F4 /* 12.swift */,
				EDAD7355275656A300FE70F4 /* 13.swift */,
				EDAD7357275656A900FE70F4 /* 14.swift */,
				EDAD7359275656B100FE70F4 /* 15.swift */,
				EDAD735B275656B800FE70F4 /* 16.swift */,
				EDAD735D275656BF00FE70F4 /* 17.swift */,
				EDAD735F275656D200FE70F4 /* 18.swift */,
				EDAD7361275656D900FE70F4 /* 19.swift */,
				EDAD7363275656E100FE70F4 /* 20.swift */,
				EDAD7365275656EA00FE70F4 /* 21.swift */,
				EDAD7367275656F300FE70F4 /* 22.swift */,
				EDAD7369275656FA00FE70F4 /* 23.swift */,
				EDAD736B2756570100FE70F4 /* 24.swift */,
				EDAD736D2756570800FE70F4 /* 25.swift */,
			);
			path = Days;
			sourceTree = "<group>";
		};
		EDAD73032756467000FE70F4 /* Days */ = {
			isa = PBXGroup;
			children = (
				EDAD73042756467800FE70F4 /* 01.swift */,
				EDAD73722756585800FE70F4 /* 02.swift */,
				EDAD73742756586300FE70F4 /* 03.swift */,
				EDAD73762756586A00FE70F4 /* 04.swift */,
				EDAD73782756587400FE70F4 /* 05.swift */,
				EDAD737A2756587B00FE70F4 /* 06.swift */,
				EDAD737C2756588600FE70F4 /* 07.swift */,
				EDAD737E2756589300FE70F4 /* 08.swift */,
				EDAD73802756589C00FE70F4 /* 09.swift */,
				EDAD7382275658A800FE70F4 /* 10.swift */,
				EDAD7384275658AF00FE70F4 /* 11.swift */,
				EDAD7386275658B500FE70F4 /* 12.swift */,
				EDAD7388275658BB00FE70F4 /* 13.swift */,
				EDAD738A275658C100FE70F4 /* 14.swift */,
				EDAD738C275658C800FE70F4 /* 15.swift */,
				EDAD738E275658CE00FE70F4 /* 16.swift */,
				EDAD7390275658D400FE70F4 /* 17.swift */,
				EDAD7392275658DB00FE70F4 /* 18.swift */,
				EDAD7394275658E200FE70F4 /* 19.swift */,
				EDAD73962756592900FE70F4 /* 20.swift */,
				EDAD73982756592F00FE70F4 /* 21.swift */,
				EDAD739A2756593500FE70F4 /* 22.swift */,
				EDAD739C2756593A00FE70F4 /* 23.swift */,
				EDAD739E2756594300FE70F4 /* 24.swift */,
				EDAD73A02756598700FE70F4 /* 25.swift */,
			);
			path = Days;
			sourceTree = "<group>";
		};
		EDAD73142756490B00FE70F4 /* Frameworks */ = {
			isa = PBXGroup;
			children = (
			);
			name = Frameworks;
			sourceTree = "<group>";
		};
/* End PBXGroup section */

/* Begin PBXHeadersBuildPhase section */
		EDAD731A2756494400FE70F4 /* Headers */ = {
			isa = PBXHeadersBuildPhase;
			buildActionMask = 2147483647;
			files = (
			);
			runOnlyForDeploymentPostprocessing = 0;
		};
/* End PBXHeadersBuildPhase section */

/* Begin PBXNativeTarget section */
		EDAD72E62756447B00FE70F4 /* CLI */ = {
			isa = PBXNativeTarget;
			buildConfigurationList = EDAD72EE2756447B00FE70F4 /* Build configuration list for PBXNativeTarget "CLI" */;
			buildPhases = (
				EDAD72E32756447B00FE70F4 /* Sources */,
				EDAD72E42756447B00FE70F4 /* Frameworks */,
				EDAD72E52756447B00FE70F4 /* CopyFiles */,
				EDAD73192756490B00FE70F4 /* Embed Frameworks */,
			);
			buildRules = (
			);
			dependencies = (
				EDAD733E2756498A00FE70F4 /* PBXTargetDependency */,
			);
			name = CLI;
			productName = "Advent 2021";
			productReference = EDAD72E72756447B00FE70F4 /* CLI */;
			productType = "com.apple.product-type.tool";
		};
		EDAD731E2756494400FE70F4 /* Advent */ = {
			isa = PBXNativeTarget;
			buildConfigurationList = EDAD732E2756494400FE70F4 /* Build configuration list for PBXNativeTarget "Advent" */;
			buildPhases = (
				EDAD731A2756494400FE70F4 /* Headers */,
				EDAD731B2756494400FE70F4 /* Sources */,
				EDAD731C2756494400FE70F4 /* Frameworks */,
				EDAD731D2756494400FE70F4 /* Resources */,
			);
			buildRules = (
			);
			dependencies = (
			);
			name = Advent;
			packageProductDependencies = (
				EDAD7370275657BB00FE70F4 /* Algorithms */,
			);
			productName = Advent;
			productReference = EDAD731F2756494400FE70F4 /* Advent.framework */;
			productType = "com.apple.product-type.framework";
		};
		EDAD73252756494400FE70F4 /* Tests */ = {
			isa = PBXNativeTarget;
			buildConfigurationList = EDAD73312756494400FE70F4 /* Build configuration list for PBXNativeTarget "Tests" */;
			buildPhases = (
				EDAD73222756494400FE70F4 /* Sources */,
				EDAD73232756494400FE70F4 /* Frameworks */,
				EDAD73242756494400FE70F4 /* Resources */,
			);
			buildRules = (
			);
			dependencies = (
				EDAD73292756494400FE70F4 /* PBXTargetDependency */,
			);
			name = Tests;
			productName = AdventTests;
			productReference = EDAD73262756494400FE70F4 /* Tests.xctest */;
			productType = "com.apple.product-type.bundle.unit-test";
		};
/* End PBXNativeTarget section */

/* Begin PBXProject section */
		EDAD72DF2756447B00FE70F4 /* Project object */ = {
			isa = PBXProject;
			attributes = {
				BuildIndependentTargetsInParallel = 1;
				LastSwiftUpdateCheck = 1310;
				LastUpgradeCheck = 1310;
				TargetAttributes = {
					EDAD72E62756447B00FE70F4 = {
						CreatedOnToolsVersion = 13.1;
					};
					EDAD731E2756494400FE70F4 = {
						CreatedOnToolsVersion = 13.1;
					};
					EDAD73252756494400FE70F4 = {
						CreatedOnToolsVersion = 13.1;
					};
				};
			};
			buildConfigurationList = EDAD72E22756447B00FE70F4 /* Build configuration list for PBXProject "Advent" */;
			compatibilityVersion = "Xcode 13.0";
			developmentRegion = en;
			hasScannedForEncodings = 0;
			knownRegions = (
				en,
				Base,
			);
			mainGroup = EDAD72DE2756447B00FE70F4;
			packageReferences = (
				EDAD736F275657BB00FE70F4 /* XCRemoteSwiftPackageReference "swift-algorithms" */,
			);
			productRefGroup = EDAD72E82756447B00FE70F4 /* Products */;
			projectDirPath = "";
			projectRoot = "";
			targets = (
				EDAD72E62756447B00FE70F4 /* CLI */,
				EDAD731E2756494400FE70F4 /* Advent */,
				EDAD73252756494400FE70F4 /* Tests */,
			);
		};
/* End PBXProject section */

/* Begin PBXResourcesBuildPhase section */
		EDAD731D2756494400FE70F4 /* Resources */ = {
			isa = PBXResourcesBuildPhase;
			buildActionMask = 2147483647;
			files = (
			);
			runOnlyForDeploymentPostprocessing = 0;
		};
		EDAD73242756494400FE70F4 /* Resources */ = {
			isa = PBXResourcesBuildPhase;
			buildActionMask = 2147483647;
			files = (
			);
			runOnlyForDeploymentPostprocessing = 0;
		};
/* End PBXResourcesBuildPhase section */

/* Begin PBXSourcesBuildPhase section */
		EDAD72E32756447B00FE70F4 /* Sources */ = {
			isa = PBXSourcesBuildPhase;
			buildActionMask = 2147483647;
			files = (
				EDAD72EB2756447B00FE70F4 /* main.swift in Sources */,
			);
			runOnlyForDeploymentPostprocessing = 0;
		};
		EDAD731B2756494400FE70F4 /* Sources */ = {
			isa = PBXSourcesBuildPhase;
			buildActionMask = 2147483647;
			files = (
				EDAD735C275656B800FE70F4 /* 16.swift in Sources */,
				EDAD73352756495900FE70F4 /* 01.swift in Sources */,
				EDAD73342756495700FE70F4 /* Puzzle.swift in Sources */,
				EDAD736C2756570100FE70F4 /* 24.swift in Sources */,
				EDAD73502756568E00FE70F4 /* 10.swift in Sources */,
				EDAD7356275656A300FE70F4 /* 13.swift in Sources */,
				EDAD734C2756567E00FE70F4 /* 08.swift in Sources */,
				EDAD734A2756567700FE70F4 /* 07.swift in Sources */,
				EDAD73522756569700FE70F4 /* 11.swift in Sources */,
				EDAD736A275656FA00FE70F4 /* 23.swift in Sources */,
				EDAD73462756566800FE70F4 /* 05.swift in Sources */,
				EDAD7368275656F300FE70F4 /* 22.swift in Sources */,
				EDAD736E2756570800FE70F4 /* 25.swift in Sources */,
				EDAD7358275656A900FE70F4 /* 14.swift in Sources */,
				EDAD7366275656EA00FE70F4 /* 21.swift in Sources */,
				EDAD735A275656B100FE70F4 /* 15.swift in Sources */,
				EDAD735E275656BF00FE70F4 /* 17.swift in Sources */,
				EDAD73422756562600FE70F4 /* 03.swift in Sources */,
				EDAD7362275656D900FE70F4 /* 19.swift in Sources */,
				EDAD7364275656E100FE70F4 /* 20.swift in Sources */,
				EDAD73442756566200FE70F4 /* 04.swift in Sources */,
				EDAD73402756561A00FE70F4 /* 02.swift in Sources */,
				EDAD734E2756568700FE70F4 /* 09.swift in Sources */,
				EDAD73482756566F00FE70F4 /* 06.swift in Sources */,
				EDAD7360275656D200FE70F4 /* 18.swift in Sources */,
				EDAD73542756569D00FE70F4 /* 12.swift in Sources */,
			);
			runOnlyForDeploymentPostprocessing = 0;
		};
		EDAD73222756494400FE70F4 /* Sources */ = {
			isa = PBXSourcesBuildPhase;
			buildActionMask = 2147483647;
			files = (
				EDAD73382756495E00FE70F4 /* 01.swift in Sources */,
				EDAD737B2756587B00FE70F4 /* 06.swift in Sources */,
				EDAD738F275658CF00FE70F4 /* 16.swift in Sources */,
				EDAD737D2756588600FE70F4 /* 07.swift in Sources */,
				EDAD737F2756589300FE70F4 /* 08.swift in Sources */,
				EDAD73732756585800FE70F4 /* 02.swift in Sources */,
				EDAD73372756495C00FE70F4 /* Puzzle.swift in Sources */,
				EDAD7385275658AF00FE70F4 /* 11.swift in Sources */,
				EDAD7395275658E200FE70F4 /* 19.swift in Sources */,
				EDAD7393275658DB00FE70F4 /* 18.swift in Sources */,
				EDAD73992756592F00FE70F4 /* 21.swift in Sources */,
				EDAD73752756586300FE70F4 /* 03.swift in Sources */,
				EDAD738B275658C100FE70F4 /* 14.swift in Sources */,
				EDAD739D2756593A00FE70F4 /* 23.swift in Sources */,
				EDAD7389275658BB00FE70F4 /* 13.swift in Sources */,
				EDAD7387275658B500FE70F4 /* 12.swift in Sources */,
				EDAD73792756587400FE70F4 /* 05.swift in Sources */,
				EDAD7383275658A800FE70F4 /* 10.swift in Sources */,
				EDAD73362756495B00FE70F4 /* Tests.swift in Sources */,
				EDAD739F2756594300FE70F4 /* 24.swift in Sources */,
				EDAD73A12756598700FE70F4 /* 25.swift in Sources */,
				EDAD73772756586A00FE70F4 /* 04.swift in Sources */,
				EDAD73812756589C00FE70F4 /* 09.swift in Sources */,
				EDAD73972756592900FE70F4 /* 20.swift in Sources */,
				EDAD7391275658D400FE70F4 /* 17.swift in Sources */,
				EDAD738D275658C800FE70F4 /* 15.swift in Sources */,
				EDAD739B2756593500FE70F4 /* 22.swift in Sources */,
			);
			runOnlyForDeploymentPostprocessing = 0;
		};
/* End PBXSourcesBuildPhase section */

/* Begin PBXTargetDependency section */
		EDAD73292756494400FE70F4 /* PBXTargetDependency */ = {
			isa = PBXTargetDependency;
			target = EDAD731E2756494400FE70F4 /* Advent */;
			targetProxy = EDAD73282756494400FE70F4 /* PBXContainerItemProxy */;
		};
		EDAD733E2756498A00FE70F4 /* PBXTargetDependency */ = {
			isa = PBXTargetDependency;
			target = EDAD731E2756494400FE70F4 /* Advent */;
			targetProxy = EDAD733D2756498A00FE70F4 /* PBXContainerItemProxy */;
		};
/* End PBXTargetDependency section */

/* Begin XCBuildConfiguration section */
		EDAD72EC2756447B00FE70F4 /* Debug */ = {
			isa = XCBuildConfiguration;
			buildSettings = {
				ALWAYS_SEARCH_USER_PATHS = NO;
				CLANG_ANALYZER_NONNULL = YES;
				CLANG_ANALYZER_NUMBER_OBJECT_CONVERSION = YES_AGGRESSIVE;
				CLANG_CXX_LANGUAGE_STANDARD = "gnu++17";
				CLANG_CXX_LIBRARY = "libc++";
				CLANG_ENABLE_MODULES = YES;
				CLANG_ENABLE_OBJC_ARC = YES;
				CLANG_ENABLE_OBJC_WEAK = YES;
				CLANG_WARN_BLOCK_CAPTURE_AUTORELEASING = YES;
				CLANG_WARN_BOOL_CONVERSION = YES;
				CLANG_WARN_COMMA = YES;
				CLANG_WARN_CONSTANT_CONVERSION = YES;
				CLANG_WARN_DEPRECATED_OBJC_IMPLEMENTATIONS = YES;
				CLANG_WARN_DIRECT_OBJC_ISA_USAGE = YES_ERROR;
				CLANG_WARN_DOCUMENTATION_COMMENTS = YES;
				CLANG_WARN_EMPTY_BODY = YES;
				CLANG_WARN_ENUM_CONVERSION = YES;
				CLANG_WARN_INFINITE_RECURSION = YES;
				CLANG_WARN_INT_CONVERSION = YES;
				CLANG_WARN_NON_LITERAL_NULL_CONVERSION = YES;
				CLANG_WARN_OBJC_IMPLICIT_RETAIN_SELF = YES;
				CLANG_WARN_OBJC_LITERAL_CONVERSION = YES;
				CLANG_WARN_OBJC_ROOT_CLASS = YES_ERROR;
				CLANG_WARN_QUOTED_INCLUDE_IN_FRAMEWORK_HEADER = YES;
				CLANG_WARN_RANGE_LOOP_ANALYSIS = YES;
				CLANG_WARN_STRICT_PROTOTYPES = YES;
				CLANG_WARN_SUSPICIOUS_MOVE = YES;
				CLANG_WARN_UNGUARDED_AVAILABILITY = YES_AGGRESSIVE;
				CLANG_WARN_UNREACHABLE_CODE = YES;
				CLANG_WARN__DUPLICATE_METHOD_MATCH = YES;
				COPY_PHASE_STRIP = NO;
				DEBUG_INFORMATION_FORMAT = dwarf;
				ENABLE_STRICT_OBJC_MSGSEND = YES;
				ENABLE_TESTABILITY = YES;
				GCC_C_LANGUAGE_STANDARD = gnu11;
				GCC_DYNAMIC_NO_PIC = NO;
				GCC_NO_COMMON_BLOCKS = YES;
				GCC_OPTIMIZATION_LEVEL = 0;
				GCC_PREPROCESSOR_DEFINITIONS = (
					"DEBUG=1",
					"$(inherited)",
				);
				GCC_WARN_64_TO_32_BIT_CONVERSION = YES;
				GCC_WARN_ABOUT_RETURN_TYPE = YES_ERROR;
				GCC_WARN_UNDECLARED_SELECTOR = YES;
				GCC_WARN_UNINITIALIZED_AUTOS = YES_AGGRESSIVE;
				GCC_WARN_UNUSED_FUNCTION = YES;
				GCC_WARN_UNUSED_VARIABLE = YES;
				MACOSX_DEPLOYMENT_TARGET = 12.0;
				MTL_ENABLE_DEBUG_INFO = INCLUDE_SOURCE;
				MTL_FAST_MATH = YES;
				ONLY_ACTIVE_ARCH = YES;
				SDKROOT = macosx;
				SWIFT_ACTIVE_COMPILATION_CONDITIONS = DEBUG;
				SWIFT_OPTIMIZATION_LEVEL = "-Onone";
			};
			name = Debug;
		};
		EDAD72ED2756447B00FE70F4 /* Release */ = {
			isa = XCBuildConfiguration;
			buildSettings = {
				ALWAYS_SEARCH_USER_PATHS = NO;
				CLANG_ANALYZER_NONNULL = YES;
				CLANG_ANALYZER_NUMBER_OBJECT_CONVERSION = YES_AGGRESSIVE;
				CLANG_CXX_LANGUAGE_STANDARD = "gnu++17";
				CLANG_CXX_LIBRARY = "libc++";
				CLANG_ENABLE_MODULES = YES;
				CLANG_ENABLE_OBJC_ARC = YES;
				CLANG_ENABLE_OBJC_WEAK = YES;
				CLANG_WARN_BLOCK_CAPTURE_AUTORELEASING = YES;
				CLANG_WARN_BOOL_CONVERSION = YES;
				CLANG_WARN_COMMA = YES;
				CLANG_WARN_CONSTANT_CONVERSION = YES;
				CLANG_WARN_DEPRECATED_OBJC_IMPLEMENTATIONS = YES;
				CLANG_WARN_DIRECT_OBJC_ISA_USAGE = YES_ERROR;
				CLANG_WARN_DOCUMENTATION_COMMENTS = YES;
				CLANG_WARN_EMPTY_BODY = YES;
				CLANG_WARN_ENUM_CONVERSION = YES;
				CLANG_WARN_INFINITE_RECURSION = YES;
				CLANG_WARN_INT_CONVERSION = YES;
				CLANG_WARN_NON_LITERAL_NULL_CONVERSION = YES;
				CLANG_WARN_OBJC_IMPLICIT_RETAIN_SELF = YES;
				CLANG_WARN_OBJC_LITERAL_CONVERSION = YES;
				CLANG_WARN_OBJC_ROOT_CLASS = YES_ERROR;
				CLANG_WARN_QUOTED_INCLUDE_IN_FRAMEWORK_HEADER = YES;
				CLANG_WARN_RANGE_LOOP_ANALYSIS = YES;
				CLANG_WARN_STRICT_PROTOTYPES = YES;
				CLANG_WARN_SUSPICIOUS_MOVE = YES;
				CLANG_WARN_UNGUARDED_AVAILABILITY = YES_AGGRESSIVE;
				CLANG_WARN_UNREACHABLE_CODE = YES;
				CLANG_WARN__DUPLICATE_METHOD_MATCH = YES;
				COPY_PHASE_STRIP = NO;
				DEBUG_INFORMATION_FORMAT = "dwarf-with-dsym";
				ENABLE_NS_ASSERTIONS = NO;
				ENABLE_STRICT_OBJC_MSGSEND = YES;
				GCC_C_LANGUAGE_STANDARD = gnu11;
				GCC_NO_COMMON_BLOCKS = YES;
				GCC_WARN_64_TO_32_BIT_CONVERSION = YES;
				GCC_WARN_ABOUT_RETURN_TYPE = YES_ERROR;
				GCC_WARN_UNDECLARED_SELECTOR = YES;
				GCC_WARN_UNINITIALIZED_AUTOS = YES_AGGRESSIVE;
				GCC_WARN_UNUSED_FUNCTION = YES;
				GCC_WARN_UNUSED_VARIABLE = YES;
				MACOSX_DEPLOYMENT_TARGET = 12.0;
				MTL_ENABLE_DEBUG_INFO = NO;
				MTL_FAST_MATH = YES;
				SDKROOT = macosx;
				SWIFT_COMPILATION_MODE = wholemodule;
				SWIFT_OPTIMIZATION_LEVEL = "-O";
			};
			name = Release;
		};
		EDAD72EF2756447B00FE70F4 /* Debug */ = {
			isa = XCBuildConfiguration;
			buildSettings = {
				CODE_SIGN_STYLE = Automatic;
				DEVELOPMENT_TEAM = 9ELM74XG98;
				ENABLE_HARDENED_RUNTIME = YES;
				PRODUCT_NAME = "$(TARGET_NAME)";
				SWIFT_VERSION = 5.0;
			};
			name = Debug;
		};
		EDAD72F02756447B00FE70F4 /* Release */ = {
			isa = XCBuildConfiguration;
			buildSettings = {
				CODE_SIGN_STYLE = Automatic;
				DEVELOPMENT_TEAM = 9ELM74XG98;
				ENABLE_HARDENED_RUNTIME = YES;
				PRODUCT_NAME = "$(TARGET_NAME)";
				SWIFT_VERSION = 5.0;
			};
			name = Release;
		};
		EDAD732F2756494400FE70F4 /* Debug */ = {
			isa = XCBuildConfiguration;
			buildSettings = {
				CODE_SIGN_IDENTITY = "Apple Development";
				CODE_SIGN_STYLE = Automatic;
				COMBINE_HIDPI_IMAGES = YES;
				CURRENT_PROJECT_VERSION = 1;
				DEFINES_MODULE = YES;
				DEVELOPMENT_TEAM = 9ELM74XG98;
				DYLIB_COMPATIBILITY_VERSION = 1;
				DYLIB_CURRENT_VERSION = 1;
				DYLIB_INSTALL_NAME_BASE = "@rpath";
				GENERATE_INFOPLIST_FILE = YES;
				INFOPLIST_KEY_NSHumanReadableCopyright = "";
				INSTALL_PATH = "$(LOCAL_LIBRARY_DIR)/Frameworks";
				LD_RUNPATH_SEARCH_PATHS = (
					"$(inherited)",
					"@executable_path/../Frameworks",
					"@loader_path/Frameworks",
				);
				MARKETING_VERSION = 1.0;
				PRODUCT_BUNDLE_IDENTIFIER = com.wjthieme.Advent;
				PRODUCT_NAME = "$(TARGET_NAME:c99extidentifier)";
				SKIP_INSTALL = YES;
				SWIFT_EMIT_LOC_STRINGS = YES;
				SWIFT_VERSION = 5.0;
				VERSIONING_SYSTEM = "apple-generic";
				VERSION_INFO_PREFIX = "";
			};
			name = Debug;
		};
		EDAD73302756494400FE70F4 /* Release */ = {
			isa = XCBuildConfiguration;
			buildSettings = {
				CODE_SIGN_IDENTITY = "Apple Development";
				CODE_SIGN_STYLE = Automatic;
				COMBINE_HIDPI_IMAGES = YES;
				CURRENT_PROJECT_VERSION = 1;
				DEFINES_MODULE = YES;
				DEVELOPMENT_TEAM = 9ELM74XG98;
				DYLIB_COMPATIBILITY_VERSION = 1;
				DYLIB_CURRENT_VERSION = 1;
				DYLIB_INSTALL_NAME_BASE = "@rpath";
				GENERATE_INFOPLIST_FILE = YES;
				INFOPLIST_KEY_NSHumanReadableCopyright = "";
				INSTALL_PATH = "$(LOCAL_LIBRARY_DIR)/Frameworks";
				LD_RUNPATH_SEARCH_PATHS = (
					"$(inherited)",
					"@executable_path/../Frameworks",
					"@loader_path/Frameworks",
				);
				MARKETING_VERSION = 1.0;
				PRODUCT_BUNDLE_IDENTIFIER = com.wjthieme.Advent;
				PRODUCT_NAME = "$(TARGET_NAME:c99extidentifier)";
				SKIP_INSTALL = YES;
				SWIFT_EMIT_LOC_STRINGS = YES;
				SWIFT_VERSION = 5.0;
				VERSIONING_SYSTEM = "apple-generic";
				VERSION_INFO_PREFIX = "";
			};
			name = Release;
		};
		EDAD73322756494400FE70F4 /* Debug */ = {
			isa = XCBuildConfiguration;
			buildSettings = {
				ALWAYS_EMBED_SWIFT_STANDARD_LIBRARIES = YES;
				CODE_SIGN_STYLE = Automatic;
				COMBINE_HIDPI_IMAGES = YES;
				CURRENT_PROJECT_VERSION = 1;
				DEVELOPMENT_TEAM = 9ELM74XG98;
				GENERATE_INFOPLIST_FILE = YES;
				LD_RUNPATH_SEARCH_PATHS = (
					"$(inherited)",
					"@executable_path/../Frameworks",
					"@loader_path/../Frameworks",
				);
				MARKETING_VERSION = 1.0;
				PRODUCT_BUNDLE_IDENTIFIER = com.wjthieme.AdventTests;
				PRODUCT_NAME = "$(TARGET_NAME)";
				SWIFT_EMIT_LOC_STRINGS = NO;
				SWIFT_VERSION = 5.0;
			};
			name = Debug;
		};
		EDAD73332756494400FE70F4 /* Release */ = {
			isa = XCBuildConfiguration;
			buildSettings = {
				ALWAYS_EMBED_SWIFT_STANDARD_LIBRARIES = YES;
				CODE_SIGN_STYLE = Automatic;
				COMBINE_HIDPI_IMAGES = YES;
				CURRENT_PROJECT_VERSION = 1;
				DEVELOPMENT_TEAM = 9ELM74XG98;
				GENERATE_INFOPLIST_FILE = YES;
				LD_RUNPATH_SEARCH_PATHS = (
					"$(inherited)",
					"@executable_path/../Frameworks",
					"@loader_path/../Frameworks",
				);
				MARKETING_VERSION = 1.0;
				PRODUCT_BUNDLE_IDENTIFIER = com.wjthieme.AdventTests;
				PRODUCT_NAME = "$(TARGET_NAME)";
				SWIFT_EMIT_LOC_STRINGS = NO;
				SWIFT_VERSION = 5.0;
			};
			name = Release;
		};
/* End XCBuildConfiguration section */

/* Begin XCConfigurationList section */
		EDAD72E22756447B00FE70F4 /* Build configuration list for PBXProject "Advent" */ = {
			isa = XCConfigurationList;
			buildConfigurations = (
				EDAD72EC2756447B00FE70F4 /* Debug */,
				EDAD72ED2756447B00FE70F4 /* Release */,
			);
			defaultConfigurationIsVisible = 0;
			defaultConfigurationName = Release;
		};
		EDAD72EE2756447B00FE70F4 /* Build configuration list for PBXNativeTarget "CLI" */ = {
			isa = XCConfigurationList;
			buildConfigurations = (
				EDAD72EF2756447B00FE70F4 /* Debug */,
				EDAD72F02756447B00FE70F4 /* Release */,
			);
			defaultConfigurationIsVisible = 0;
			defaultConfigurationName = Release;
		};
		EDAD732E2756494400FE70F4 /* Build configuration list for PBXNativeTarget "Advent" */ = {
			isa = XCConfigurationList;
			buildConfigurations = (
				EDAD732F2756494400FE70F4 /* Debug */,
				EDAD73302756494400FE70F4 /* Release */,
			);
			defaultConfigurationIsVisible = 0;
			defaultConfigurationName = Release;
		};
		EDAD73312756494400FE70F4 /* Build configuration list for PBXNativeTarget "Tests" */ = {
			isa = XCConfigurationList;
			buildConfigurations = (
				EDAD73322756494400FE70F4 /* Debug */,
				EDAD73332756494400FE70F4 /* Release */,
			);
			defaultConfigurationIsVisible = 0;
			defaultConfigurationName = Release;
		};
/* End XCConfigurationList section */

/* Begin XCRemoteSwiftPackageReference section */
		EDAD736F275657BB00FE70F4 /* XCRemoteSwiftPackageReference "swift-algorithms" */ = {
			isa = XCRemoteSwiftPackageReference;
			repositoryURL = "https://github.com/apple/swift-algorithms.git";
			requirement = {
				kind = exactVersion;
				version = 1.0.0;
			};
		};
/* End XCRemoteSwiftPackageReference section */

/* Begin XCSwiftPackageProductDependency section */
		EDAD7370275657BB00FE70F4 /* Algorithms */ = {
			isa = XCSwiftPackageProductDependency;
			package = EDAD736F275657BB00FE70F4 /* XCRemoteSwiftPackageReference "swift-algorithms" */;
			productName = Algorithms;
		};
/* End XCSwiftPackageProductDependency section */
	};
	rootObject = EDAD72DF2756447B00FE70F4 /* Project object */;
}
